<Solution>
  <Configurations>
    <Platform Name="ARM64" />
    <Platform Name="x64" />
  </Configurations>
  <Project Path="ProcDump/ProcDump.vcxproj">
    <Deploy />
  </Project>
  <Project Path="ProcDumpClient/ProcDumpClient.vcxproj" Id="bb5441af-9038-4c66-b5a7-29a63b9bc0cc">
    <Platform Project="x64" />
  </Project>
</Solution>
